
Microsoft Visual Studio Solution File, Format Version 12.00
# Visual Studio Version 17
VisualStudioVersion = 17.10.34928.147
MinimumVisualStudioVersion = 10.0.40219.1
Project("{FAE04EC0-301F-11D3-BF4B-00C04F79EFBC}") = "DocEditor", "DocEditor\DocEditor.csproj", "{51E13945-9D66-47A5-B490-B0BC7C74CCF4}"
EndProject
Global
	GlobalSection(SolutionConfigurationPlatforms) = preSolution
		Debug|Any CPU = Debug|Any CPU
		Release|Any CPU = Release|Any CPU
	EndGlobalSection
	GlobalSection(ProjectConfigurationPlatforms) = postSolution
		{51E13945-9D66-47A5-B490-B0BC7C74CCF4}.Debug|Any CPU.ActiveCfg = Debug|Any CPU
		{51E13945-9D66-47A5-B490-B0BC7C74CCF4}.Debug|Any CPU.Build.0 = Debug|Any CPU
		{51E13945-9D66-47A5-B490-B0BC7C74CCF4}.Release|Any CPU.ActiveCfg = Release|Any CPU
		{51E13945-9D66-47A5-B490-B0BC7C74CCF4}.Release|Any CPU.Build.0 = Release|Any CPU
	EndGlobalSection
	GlobalSection(SolutionProperties) = preSolution
		HideSolutionNode = FALSE
	EndGlobalSection
	GlobalSection(ExtensibilityGlobals) = postSolution
		SolutionGuid = {723D1E06-E8C9-487F-B9FB-835E60789322}
	EndGlobalSection
EndGlobal
